
Microsoft Visual Studio Solution File, Format Version 12.00
# Visual Studio Version 16
VisualStudioVersion = 16.0.30611.23
MinimumVisualStudioVersion = 10.0.40219.1
Project("{FAE04EC0-301F-11D3-BF4B-00C04F79EFBC}") = "BetterSudoku", "BetterSudoku\BetterSudoku.csproj", "{5128BA53-AFB5-4163-9C13-0923F83E15E8}"
EndProject
Global
	GlobalSection(SolutionConfigurationPlatforms) = preSolution
		Debug|Any CPU = Debug|Any CPU
		Release|Any CPU = Release|Any CPU
	EndGlobalSection
	GlobalSection(ProjectConfigurationPlatforms) = postSolution
		{5128BA53-AFB5-4163-9C13-0923F83E15E8}.Debug|Any CPU.ActiveCfg = Debug|Any CPU
		{5128BA53-AFB5-4163-9C13-0923F83E15E8}.Debug|Any CPU.Build.0 = Debug|Any CPU
		{5128BA53-AFB5-4163-9C13-0923F83E15E8}.Release|Any CPU.ActiveCfg = Release|Any CPU
		{5128BA53-AFB5-4163-9C13-0923F83E15E8}.Release|Any CPU.Build.0 = Release|Any CPU
	EndGlobalSection
	GlobalSection(SolutionProperties) = preSolution
		HideSolutionNode = FALSE
	EndGlobalSection
	GlobalSection(ExtensibilityGlobals) = postSolution
		SolutionGuid = {FCDDE31F-5E17-4EA1-8383-7F11F5028C67}
	EndGlobalSection
EndGlobal
